
Microsoft Visual Studio Solution File, Format Version 12.00
# Visual Studio Version 17
VisualStudioVersion = 17.7.34202.233
MinimumVisualStudioVersion = 10.0.40219.1
Project("{FAE04EC0-301F-11D3-BF4B-00C04F79EFBC}") = "WritingToATextFile", "WritingToATextFile\WritingToATextFile.csproj", "{85A8F177-392B-46BA-81CA-D61C880B1BDE}"
EndProject
Global
	GlobalSection(SolutionConfigurationPlatforms) = preSolution
		Debug|Any CPU = Debug|Any CPU
		Release|Any CPU = Release|Any CPU
	EndGlobalSection
	GlobalSection(ProjectConfigurationPlatforms) = postSolution
		{85A8F177-392B-46BA-81CA-D61C880B1BDE}.Debug|Any CPU.ActiveCfg = Debug|Any CPU
		{85A8F177-392B-46BA-81CA-D61C880B1BDE}.Debug|Any CPU.Build.0 = Debug|Any CPU
		{85A8F177-392B-46BA-81CA-D61C880B1BDE}.Release|Any CPU.ActiveCfg = Release|Any CPU
		{85A8F177-392B-46BA-81CA-D61C880B1BDE}.Release|Any CPU.Build.0 = Release|Any CPU
	EndGlobalSection
	GlobalSection(SolutionProperties) = preSolution
		HideSolutionNode = FALSE
	EndGlobalSection
	GlobalSection(ExtensibilityGlobals) = postSolution
		SolutionGuid = {17009B18-4E09-4A44-8535-16750908EA95}
	EndGlobalSection
EndGlobal
