
Microsoft Visual Studio Solution File, Format Version 12.00
# Visual Studio Version 17
VisualStudioVersion = 17.7.34202.233
MinimumVisualStudioVersion = 10.0.40219.1
Project("{FAE04EC0-301F-11D3-BF4B-00C04F79EFBC}") = "ReadingContentFromTextFiles", "ReadingContentFromTextFiles\ReadingContentFromTextFiles.csproj", "{421C2C38-2B8B-48F0-AE3F-9B37F7AE89E8}"
EndProject
Global
	GlobalSection(SolutionConfigurationPlatforms) = preSolution
		Debug|Any CPU = Debug|Any CPU
		Release|Any CPU = Release|Any CPU
	EndGlobalSection
	GlobalSection(ProjectConfigurationPlatforms) = postSolution
		{421C2C38-2B8B-48F0-AE3F-9B37F7AE89E8}.Debug|Any CPU.ActiveCfg = Debug|Any CPU
		{421C2C38-2B8B-48F0-AE3F-9B37F7AE89E8}.Debug|Any CPU.Build.0 = Debug|Any CPU
		{421C2C38-2B8B-48F0-AE3F-9B37F7AE89E8}.Release|Any CPU.ActiveCfg = Release|Any CPU
		{421C2C38-2B8B-48F0-AE3F-9B37F7AE89E8}.Release|Any CPU.Build.0 = Release|Any CPU
	EndGlobalSection
	GlobalSection(SolutionProperties) = preSolution
		HideSolutionNode = FALSE
	EndGlobalSection
	GlobalSection(ExtensibilityGlobals) = postSolution
		SolutionGuid = {6BFB6E42-9C86-4BBB-B3A1-3E3AF7AE86C6}
	EndGlobalSection
EndGlobal
