
Microsoft Visual Studio Solution File, Format Version 12.00
# Visual Studio Version 17
VisualStudioVersion = 17.7.34202.233
MinimumVisualStudioVersion = 10.0.40219.1
Project("{FAE04EC0-301F-11D3-BF4B-00C04F79EFBC}") = "OrderingAnArrayUsingBubbleSort", "OrderingAnArrayUsingBubbleSort\OrderingAnArrayUsingBubbleSort.csproj", "{30E55D1E-E803-467D-881A-E82FE1A3CABB}"
EndProject
Global
	GlobalSection(SolutionConfigurationPlatforms) = preSolution
		Debug|Any CPU = Debug|Any CPU
		Release|Any CPU = Release|Any CPU
	EndGlobalSection
	GlobalSection(ProjectConfigurationPlatforms) = postSolution
		{30E55D1E-E803-467D-881A-E82FE1A3CABB}.Debug|Any CPU.ActiveCfg = Debug|Any CPU
		{30E55D1E-E803-467D-881A-E82FE1A3CABB}.Debug|Any CPU.Build.0 = Debug|Any CPU
		{30E55D1E-E803-467D-881A-E82FE1A3CABB}.Release|Any CPU.ActiveCfg = Release|Any CPU
		{30E55D1E-E803-467D-881A-E82FE1A3CABB}.Release|Any CPU.Build.0 = Release|Any CPU
	EndGlobalSection
	GlobalSection(SolutionProperties) = preSolution
		HideSolutionNode = FALSE
	EndGlobalSection
	GlobalSection(ExtensibilityGlobals) = postSolution
		SolutionGuid = {9BB64E33-BBF2-48CC-A679-DDE2A7DA95A6}
	EndGlobalSection
EndGlobal
