
Microsoft Visual Studio Solution File, Format Version 12.00
# Visual Studio Version 17
VisualStudioVersion = 17.8.34322.80
MinimumVisualStudioVersion = 10.0.40219.1
Project("{FAE04EC0-301F-11D3-BF4B-00C04F79EFBC}") = "TreasuryFlightDataAnalysis", "TreasuryFlightDataAnalysis\TreasuryFlightDataAnalysis.csproj", "{A8602CE3-584C-4691-AEA3-FB4E1CEB4B9E}"
EndProject
Global
	GlobalSection(SolutionConfigurationPlatforms) = preSolution
		Debug|Any CPU = Debug|Any CPU
		Release|Any CPU = Release|Any CPU
	EndGlobalSection
	GlobalSection(ProjectConfigurationPlatforms) = postSolution
		{A8602CE3-584C-4691-AEA3-FB4E1CEB4B9E}.Debug|Any CPU.ActiveCfg = Debug|Any CPU
		{A8602CE3-584C-4691-AEA3-FB4E1CEB4B9E}.Debug|Any CPU.Build.0 = Debug|Any CPU
		{A8602CE3-584C-4691-AEA3-FB4E1CEB4B9E}.Release|Any CPU.ActiveCfg = Release|Any CPU
		{A8602CE3-584C-4691-AEA3-FB4E1CEB4B9E}.Release|Any CPU.Build.0 = Release|Any CPU
	EndGlobalSection
	GlobalSection(SolutionProperties) = preSolution
		HideSolutionNode = FALSE
	EndGlobalSection
	GlobalSection(ExtensibilityGlobals) = postSolution
		SolutionGuid = {26C6E82E-157E-4CCA-B571-DCD9AC37BB23}
	EndGlobalSection
EndGlobal
