
Microsoft Visual Studio Solution File, Format Version 12.00
# Visual Studio Version 17
VisualStudioVersion = 17.8.34322.80
MinimumVisualStudioVersion = 10.0.40219.1
Project("{FAE04EC0-301F-11D3-BF4B-00C04F79EFBC}") = "UpdatingDatabaseTable", "UpdatingDatabaseTable\UpdatingDatabaseTable.csproj", "{37A993D9-F874-4DB2-8CC3-B8682CEFEA9E}"
EndProject
Global
	GlobalSection(SolutionConfigurationPlatforms) = preSolution
		Debug|Any CPU = Debug|Any CPU
		Release|Any CPU = Release|Any CPU
	EndGlobalSection
	GlobalSection(ProjectConfigurationPlatforms) = postSolution
		{37A993D9-F874-4DB2-8CC3-B8682CEFEA9E}.Debug|Any CPU.ActiveCfg = Debug|Any CPU
		{37A993D9-F874-4DB2-8CC3-B8682CEFEA9E}.Debug|Any CPU.Build.0 = Debug|Any CPU
		{37A993D9-F874-4DB2-8CC3-B8682CEFEA9E}.Release|Any CPU.ActiveCfg = Release|Any CPU
		{37A993D9-F874-4DB2-8CC3-B8682CEFEA9E}.Release|Any CPU.Build.0 = Release|Any CPU
	EndGlobalSection
	GlobalSection(SolutionProperties) = preSolution
		HideSolutionNode = FALSE
	EndGlobalSection
	GlobalSection(ExtensibilityGlobals) = postSolution
		SolutionGuid = {A58AE677-2A6C-43A4-A23B-FC672B63BF7C}
	EndGlobalSection
EndGlobal
